
Microsoft Visual Studio Solution File, Format Version 12.00
# Visual Studio Version 17
VisualStudioVersion = 17.8.34525.116
MinimumVisualStudioVersion = 10.0.40219.1
Project("{FAE04EC0-301F-11D3-BF4B-00C04F79EFBC}") = "TempConversion", "TempConversion.csproj", "{28D84CA6-65D5-408E-BF16-26F4DBB83B5B}"
EndProject
Global
	GlobalSection(SolutionConfigurationPlatforms) = preSolution
		Debug|ARM = Debug|ARM
		Debug|ARM64 = Debug|ARM64
		Debug|x64 = Debug|x64
		Debug|x86 = Debug|x86
		Release|ARM = Release|ARM
		Release|ARM64 = Release|ARM64
		Release|x64 = Release|x64
		Release|x86 = Release|x86
	EndGlobalSection
	GlobalSection(ProjectConfigurationPlatforms) = postSolution
		{28D84CA6-65D5-408E-BF16-26F4DBB83B5B}.Debug|ARM.ActiveCfg = Debug|ARM
		{28D84CA6-65D5-408E-BF16-26F4DBB83B5B}.Debug|ARM.Build.0 = Debug|ARM
		{28D84CA6-65D5-408E-BF16-26F4DBB83B5B}.Debug|ARM.Deploy.0 = Debug|ARM
		{28D84CA6-65D5-408E-BF16-26F4DBB83B5B}.Debug|ARM64.ActiveCfg = Debug|ARM64
		{28D84CA6-65D5-408E-BF16-26F4DBB83B5B}.Debug|ARM64.Build.0 = Debug|ARM64
		{28D84CA6-65D5-408E-BF16-26F4DBB83B5B}.Debug|ARM64.Deploy.0 = Debug|ARM64
		{28D84CA6-65D5-408E-BF16-26F4DBB83B5B}.Debug|x64.ActiveCfg = Debug|x64
		{28D84CA6-65D5-408E-BF16-26F4DBB83B5B}.Debug|x64.Build.0 = Debug|x64
		{28D84CA6-65D5-408E-BF16-26F4DBB83B5B}.Debug|x64.Deploy.0 = Debug|x64
		{28D84CA6-65D5-408E-BF16-26F4DBB83B5B}.Debug|x86.ActiveCfg = Debug|x86
		{28D84CA6-65D5-408E-BF16-26F4DBB83B5B}.Debug|x86.Build.0 = Debug|x86
		{28D84CA6-65D5-408E-BF16-26F4DBB83B5B}.Debug|x86.Deploy.0 = Debug|x86
		{28D84CA6-65D5-408E-BF16-26F4DBB83B5B}.Release|ARM.ActiveCfg = Release|ARM
		{28D84CA6-65D5-408E-BF16-26F4DBB83B5B}.Release|ARM.Build.0 = Release|ARM
		{28D84CA6-65D5-408E-BF16-26F4DBB83B5B}.Release|ARM.Deploy.0 = Release|ARM
		{28D84CA6-65D5-408E-BF16-26F4DBB83B5B}.Release|ARM64.ActiveCfg = Release|ARM64
		{28D84CA6-65D5-408E-BF16-26F4DBB83B5B}.Release|ARM64.Build.0 = Release|ARM64
		{28D84CA6-65D5-408E-BF16-26F4DBB83B5B}.Release|ARM64.Deploy.0 = Release|ARM64
		{28D84CA6-65D5-408E-BF16-26F4DBB83B5B}.Release|x64.ActiveCfg = Release|x64
		{28D84CA6-65D5-408E-BF16-26F4DBB83B5B}.Release|x64.Build.0 = Release|x64
		{28D84CA6-65D5-408E-BF16-26F4DBB83B5B}.Release|x64.Deploy.0 = Release|x64
		{28D84CA6-65D5-408E-BF16-26F4DBB83B5B}.Release|x86.ActiveCfg = Release|x86
		{28D84CA6-65D5-408E-BF16-26F4DBB83B5B}.Release|x86.Build.0 = Release|x86
		{28D84CA6-65D5-408E-BF16-26F4DBB83B5B}.Release|x86.Deploy.0 = Release|x86
	EndGlobalSection
	GlobalSection(SolutionProperties) = preSolution
		HideSolutionNode = FALSE
	EndGlobalSection
	GlobalSection(ExtensibilityGlobals) = postSolution
		SolutionGuid = {A7DE2BE3-C2EF-440C-9884-036023FD9AA8}
	EndGlobalSection
EndGlobal
